Microsoft Visual Studio Solution File, Format Version 11.00
# Visual Studio 2008

Project("{2CF69DDC-6265-38DC-6078-38A3BEEED26D}") = "goose-snake", "Assembly-CSharp.csproj", "{9589838E-298B-7197-3620-FD3AB49A54CA}"
EndProject
Global
	GlobalSection(SolutionConfigurationPlatforms) = preSolution
		Debug|Any CPU = Debug|Any CPU
		Release|Any CPU = Release|Any CPU
	EndGlobalSection
	GlobalSection(ProjectConfigurationPlatforms) = postSolution
		{9589838E-298B-7197-3620-FD3AB49A54CA}.Debug|Any CPU.ActiveCfg = Debug|Any CPU
		{9589838E-298B-7197-3620-FD3AB49A54CA}.Debug|Any CPU.Build.0 = Debug|Any CPU
		{9589838E-298B-7197-3620-FD3AB49A54CA}.Release|Any CPU.ActiveCfg = Release|Any CPU
		{9589838E-298B-7197-3620-FD3AB49A54CA}.Release|Any CPU.Build.0 = Release|Any CPU
	EndGlobalSection
	GlobalSection(SolutionProperties) = preSolution
		HideSolutionNode = FALSE
	EndGlobalSection
	GlobalSection(MonoDevelopProperties) = preSolution
		StartupItem = Assembly-CSharp.csproj
	EndGlobalSection
EndGlobal
